
Microsoft Visual Studio Solution File, Format Version 12.00
# Visual Studio Version 16
VisualStudioVersion = 16.0.34031.81
MinimumVisualStudioVersion = 10.0.40219.1
Project("{FAE04EC0-301F-11D3-BF4B-00C04F79EFBC}") = "Exceptions", "Exceptions\Exceptions.csproj", "{2490227B-5DB9-4FDE-B055-956E872E31F8}"
EndProject
Global
	GlobalSection(SolutionConfigurationPlatforms) = preSolution
		Debug|Any CPU = Debug|Any CPU
		Release|Any CPU = Release|Any CPU
	EndGlobalSection
	GlobalSection(ProjectConfigurationPlatforms) = postSolution
		{2490227B-5DB9-4FDE-B055-956E872E31F8}.Debug|Any CPU.ActiveCfg = Debug|Any CPU
		{2490227B-5DB9-4FDE-B055-956E872E31F8}.Debug|Any CPU.Build.0 = Debug|Any CPU
		{2490227B-5DB9-4FDE-B055-956E872E31F8}.Release|Any CPU.ActiveCfg = Release|Any CPU
		{2490227B-5DB9-4FDE-B055-956E872E31F8}.Release|Any CPU.Build.0 = Release|Any CPU
	EndGlobalSection
	GlobalSection(SolutionProperties) = preSolution
		HideSolutionNode = FALSE
	EndGlobalSection
	GlobalSection(ExtensibilityGlobals) = postSolution
		SolutionGuid = {95483CAA-986F-483E-BD55-012934D591F8}
	EndGlobalSection
EndGlobal
